
Microsoft Visual Studio Solution File, Format Version 12.00
# Visual Studio Version 17
VisualStudioVersion = 17.2.32616.157
MinimumVisualStudioVersion = 10.0.40219.1
Project("{FAE04EC0-301F-11D3-BF4B-00C04F79EFBC}") = "TradeCategory", "TradeCategory\TradeCategory.csproj", "{DF427F44-041B-444A-BFDF-23E9AC50C5D9}"
EndProject
Project("{FAE04EC0-301F-11D3-BF4B-00C04F79EFBC}") = "TesteTradeCategory", "TesteTradeCategory\TesteTradeCategory.csproj", "{1A747383-1996-4D66-8CA8-3E00AA657DAD}"
EndProject
Global
	GlobalSection(SolutionConfigurationPlatforms) = preSolution
		Debug|Any CPU = Debug|Any CPU
		Release|Any CPU = Release|Any CPU
	EndGlobalSection
	GlobalSection(ProjectConfigurationPlatforms) = postSolution
		{DF427F44-041B-444A-BFDF-23E9AC50C5D9}.Debug|Any CPU.ActiveCfg = Debug|Any CPU
		{DF427F44-041B-444A-BFDF-23E9AC50C5D9}.Debug|Any CPU.Build.0 = Debug|Any CPU
		{DF427F44-041B-444A-BFDF-23E9AC50C5D9}.Release|Any CPU.ActiveCfg = Release|Any CPU
		{DF427F44-041B-444A-BFDF-23E9AC50C5D9}.Release|Any CPU.Build.0 = Release|Any CPU
		{1A747383-1996-4D66-8CA8-3E00AA657DAD}.Debug|Any CPU.ActiveCfg = Debug|Any CPU
		{1A747383-1996-4D66-8CA8-3E00AA657DAD}.Debug|Any CPU.Build.0 = Debug|Any CPU
		{1A747383-1996-4D66-8CA8-3E00AA657DAD}.Release|Any CPU.ActiveCfg = Release|Any CPU
		{1A747383-1996-4D66-8CA8-3E00AA657DAD}.Release|Any CPU.Build.0 = Release|Any CPU
	EndGlobalSection
	GlobalSection(SolutionProperties) = preSolution
		HideSolutionNode = FALSE
	EndGlobalSection
	GlobalSection(ExtensibilityGlobals) = postSolution
		SolutionGuid = {411AB091-48C3-4D38-9A6C-1649DA60A6B0}
	EndGlobalSection
EndGlobal
